Microsoft Visual Studio Solution File, Format Version 12.00
# Visual Studio Version 18
VisualStudioVersion = 18.1.11312.151
MinimumVisualStudioVersion = 10.0.40219.1
Project("{FAE04EC0-301F-11D3-BF4B-00C04F79EFBC}") = "DbDocs", "DbDocs\DbDocs.csproj", "{4D906F05-CC58-24A6-BF2B-04FD1F927A91}"
EndProject
Project("{FAE04EC0-301F-11D3-BF4B-00C04F79EFBC}") = "FunctionApp", "FunctionApp\FunctionApp.csproj", "{BD2DBC16-65DC-4A65-8C95-F9B2256AC5CE}"
EndProject
Project("{FAE04EC0-301F-11D3-BF4B-00C04F79EFBC}") = "Entities", "Entities\Entities.csproj", "{06FA5290-7EAB-4D5E-A347-1E2793D0B541}"
EndProject
Project("{FAE04EC0-301F-11D3-BF4B-00C04F79EFBC}") = "TxScopeProbe", "TxScopeProbe\TxScopeProbe.csproj", "{51FC8E42-99BF-53FF-12B3-3F2C5152FF94}"
EndProject
Project("{2150E333-8FDC-42A3-9474-1A3956D46DE8}") = "pipelinet_tools", "pipelinet_tools", "{C52EDD1E-290F-4E7E-8231-034C17EDBD42}"
EndProject
Project("{FAE04EC0-301F-11D3-BF4B-00C04F79EFBC}") = "SqlScript.Generator", "SqlScript.Generator\SqlScript.Generator.csproj", "{2B36D194-CBAF-47AB-8D90-A1C13F8CE52D}"
EndProject
Project("{FAE04EC0-301F-11D3-BF4B-00C04F79EFBC}") = "SqlScript.Executor", "SqlScript.Executor\SqlScript.Executor.csproj", "{C0F8D818-A408-4C97-BC97-537E76EAD803}"
EndProject
Global
	GlobalSection(SolutionConfigurationPlatforms) = preSolution
		Debug|Any CPU = Debug|Any CPU
		Release|Any CPU = Release|Any CPU
	EndGlobalSection
	GlobalSection(ProjectConfigurationPlatforms) = postSolution
		{4D906F05-CC58-24A6-BF2B-04FD1F927A91}.Debug|Any CPU.ActiveCfg = Debug|Any CPU
		{4D906F05-CC58-24A6-BF2B-04FD1F927A91}.Debug|Any CPU.Build.0 = Debug|Any CPU
		{4D906F05-CC58-24A6-BF2B-04FD1F927A91}.Release|Any CPU.ActiveCfg = Release|Any CPU
		{4D906F05-CC58-24A6-BF2B-04FD1F927A91}.Release|Any CPU.Build.0 = Release|Any CPU
		{BD2DBC16-65DC-4A65-8C95-F9B2256AC5CE}.Debug|Any CPU.ActiveCfg = Debug|Any CPU
		{BD2DBC16-65DC-4A65-8C95-F9B2256AC5CE}.Debug|Any CPU.Build.0 = Debug|Any CPU
		{BD2DBC16-65DC-4A65-8C95-F9B2256AC5CE}.Release|Any CPU.ActiveCfg = Release|Any CPU
		{BD2DBC16-65DC-4A65-8C95-F9B2256AC5CE}.Release|Any CPU.Build.0 = Release|Any CPU
		{06FA5290-7EAB-4D5E-A347-1E2793D0B541}.Debug|Any CPU.ActiveCfg = Debug|Any CPU
		{06FA5290-7EAB-4D5E-A347-1E2793D0B541}.Debug|Any CPU.Build.0 = Debug|Any CPU
		{06FA5290-7EAB-4D5E-A347-1E2793D0B541}.Release|Any CPU.ActiveCfg = Release|Any CPU
		{06FA5290-7EAB-4D5E-A347-1E2793D0B541}.Release|Any CPU.Build.0 = Release|Any CPU
		{51FC8E42-99BF-53FF-12B3-3F2C5152FF94}.Debug|Any CPU.ActiveCfg = Debug|Any CPU
		{51FC8E42-99BF-53FF-12B3-3F2C5152FF94}.Debug|Any CPU.Build.0 = Debug|Any CPU
		{51FC8E42-99BF-53FF-12B3-3F2C5152FF94}.Release|Any CPU.ActiveCfg = Release|Any CPU
		{51FC8E42-99BF-53FF-12B3-3F2C5152FF94}.Release|Any CPU.Build.0 = Release|Any CPU
		{2B36D194-CBAF-47AB-8D90-A1C13F8CE52D}.Debug|Any CPU.ActiveCfg = Debug|Any CPU
		{2B36D194-CBAF-47AB-8D90-A1C13F8CE52D}.Debug|Any CPU.Build.0 = Debug|Any CPU
		{2B36D194-CBAF-47AB-8D90-A1C13F8CE52D}.Release|Any CPU.ActiveCfg = Release|Any CPU
		{2B36D194-CBAF-47AB-8D90-A1C13F8CE52D}.Release|Any CPU.Build.0 = Release|Any CPU
		{C0F8D818-A408-4C97-BC97-537E76EAD803}.Debug|Any CPU.ActiveCfg = Debug|Any CPU
		{C0F8D818-A408-4C97-BC97-537E76EAD803}.Debug|Any CPU.Build.0 = Debug|Any CPU
		{C0F8D818-A408-4C97-BC97-537E76EAD803}.Release|Any CPU.ActiveCfg = Release|Any CPU
		{C0F8D818-A408-4C97-BC97-537E76EAD803}.Release|Any CPU.Build.0 = Release|Any CPU
	EndGlobalSection
	GlobalSection(SolutionProperties) = preSolution
		HideSolutionNode = FALSE
	EndGlobalSection
	GlobalSection(NestedProjects) = preSolution
		{2B36D194-CBAF-47AB-8D90-A1C13F8CE52D} = {C52EDD1E-290F-4E7E-8231-034C17EDBD42}
		{C0F8D818-A408-4C97-BC97-537E76EAD803} = {C52EDD1E-290F-4E7E-8231-034C17EDBD42}
	EndGlobalSection
	GlobalSection(ExtensibilityGlobals) = postSolution
		SolutionGuid = {F191A1AB-D6F0-4283-8265-05F1EA6FD975}
	EndGlobalSection
EndGlobal
